// !$*UTF8*$!
{
	archiveVersion = 1;
	classes = {
	};
	objectVersion = 77;
	objects = {

/* Begin PBXBuildFile section */
		013A9411EA07AABA538F7669 /* GameView.swift in Sources */ = {isa = PBXBuildFile; fileRef = 791EFB62323913A0870D317F /* GameView.swift */; };
		07A4470AA51F8008DFEDFB5C /* GameStoreTests.swift in Sources */ = {isa = PBXBuildFile; fileRef = 94051449D6FACE628BB5F6C3 /* GameStoreTests.swift */; };
		0850B3E2D4DEEA234ECB7823 /* ToyButtonStyle.swift in Sources */ = {isa = PBXBuildFile; fileRef = 4C9C0DAC31D7658923CFA860 /* ToyButtonStyle.swift */; };
		0ADC4A4BA2B71D63B38F9833 /* GameMode.swift in Sources */ = {isa = PBXBuildFile; fileRef = DC527C430E0ECE7DA206B2BD /* GameMode.swift */; };
		0C2D8C963D1F6E8DF99B7C21 /* CelebrationBurstView.swift in Sources */ = {isa = PBXBuildFile; fileRef = B4106C2B985977A5F087D6B2 /* CelebrationBurstView.swift */; };
		1476C3AA2E25387C26411FC0 /* PlayerHeaderView.swift in Sources */ = {isa = PBXBuildFile; fileRef = 7FEC372715627D12D6B31994 /* PlayerHeaderView.swift */; };
		19C50DA86151A37B68242004 /* Assets.xcassets in Resources */ = {isa = PBXBuildFile; fileRef = 29523F1BA2D06F74D488BA27 /* Assets.xcassets */; };
		1DC38851CC10561EAF648C55 /* GameWideLayout.swift in Sources */ = {isa = PBXBuildFile; fileRef = C068493FA00825E0C2F9EBA0 /* GameWideLayout.swift */; };
		1FBE75C0F7DD1DCB590FA761 /* GameResultOverlay.swift in Sources */ = {isa = PBXBuildFile; fileRef = 76EF818C857F3C3D5867F896 /* GameResultOverlay.swift */; };
		215AB712E5CD9806FA4040FB /* DieView.swift in Sources */ = {isa = PBXBuildFile; fileRef = 87E28DB6DB2B44405D5584A0 /* DieView.swift */; };
		2214B3D91CCC950B6DB39FCC /* RollPhraseTests.swift in Sources */ = {isa = PBXBuildFile; fileRef = ACE6B60723C0645454FB6A29 /* RollPhraseTests.swift */; };
		246745CF081489E2EFDF3432 /* fanfare.wav in Resources */ = {isa = PBXBuildFile; fileRef = 1D1495CF5A08CE4FE46D5744 /* fanfare.wav */; };
		28769D4080C3869C6BBAC0E3 /* GameSnapshot.swift in Sources */ = {isa = PBXBuildFile; fileRef = E13E21BE644BCDE8F469A2C2 /* GameSnapshot.swift */; };
		2A93A05B1ED555AF435D9A1D /* YahtzeeScorer.swift in Sources */ = {isa = PBXBuildFile; fileRef = 39E38F075F5C620D40249354 /* YahtzeeScorer.swift */; };
		2DFD0111D8450C091B4BB993 /* GameSetupView.swift in Sources */ = {isa = PBXBuildFile; fileRef = A102392252D9BBF0EFA79C48 /* GameSetupView.swift */; };
		3E484D14B7E6F23552A7B292 /* DiceTrayView.swift in Sources */ = {isa = PBXBuildFile; fileRef = 457DC96132EBA03821A4C43F /* DiceTrayView.swift */; };
		3FA61241D48BC1BD332FF223 /* ScoreCategory.swift in Sources */ = {isa = PBXBuildFile; fileRef = 5BF58ADE0558AABA7F6FF61F /* ScoreCategory.swift */; };
		40A2B87631E4888C3561D841 /* ding.wav in Resources */ = {isa = PBXBuildFile; fileRef = CE5446247067453F5E6691B1 /* ding.wav */; };
		42827553B5EA7B97B9D7FDAF /* AdviceTests.swift in Sources */ = {isa = PBXBuildFile; fileRef = 8C787B257B616D2DB3084E38 /* AdviceTests.swift */; };
		481845BC951477A9D0B71C91 /* ProfileStore.swift in Sources */ = {isa = PBXBuildFile; fileRef = 2E760F0309B9C4D8CE661A98 /* ProfileStore.swift */; };
		49AF095BCE1EC2ED740429F1 /* ComputerAI.swift in Sources */ = {isa = PBXBuildFile; fileRef = EA9E50AF1BC7504156E2FAF0 /* ComputerAI.swift */; };
		52C0AA87696749F7DDABDCFB /* CategoryIcon.swift in Sources */ = {isa = PBXBuildFile; fileRef = ABA031A0050389C7AFDC085E /* CategoryIcon.swift */; };
		5492C01EA728726351BB7FC3 /* ScorecardView.swift in Sources */ = {isa = PBXBuildFile; fileRef = 7B43D5459D0FEB7686BE80C5 /* ScorecardView.swift */; };
		54A59FD47CA1BE54945B2F36 /* SplitMix64.swift in Sources */ = {isa = PBXBuildFile; fileRef = B8348FF0337C91FE0353105B /* SplitMix64.swift */; };
		5D207723B91545974B637C78 /* RollButtonView.swift in Sources */ = {isa = PBXBuildFile; fileRef = 4A2F0C9DBD4CD175E1C97178 /* RollButtonView.swift */; };
		646B569EA87C987FAA4BF3FD /* YahtzeeScorerTests.swift in Sources */ = {isa = PBXBuildFile; fileRef = F4E449E4980AE76BDCCB6160 /* YahtzeeScorerTests.swift */; };
		69BF7C1F37A60D4B5ED36AD0 /* DiePips.swift in Sources */ = {isa = PBXBuildFile; fileRef = 38F108A028507411656E8EA7 /* DiePips.swift */; };
		69F4CE35DFC06EFDB252D3C5 /* AvatarBadge.swift in Sources */ = {isa = PBXBuildFile; fileRef = 140C02D33A6AED897584ACA5 /* AvatarBadge.swift */; };
		6CCE3013B261115DC213DB84 /* plop.wav in Resources */ = {isa = PBXBuildFile; fileRef = 08EBD587280B6E954755F2F5 /* plop.wav */; };
		6D11181504726FA6EA2B7DD1 /* ThemePalette.swift in Sources */ = {isa = PBXBuildFile; fileRef = 6B9EE9E317DAB2739473E5CC /* ThemePalette.swift */; };
		721537ED0932F1E87ED63F15 /* ToyBlock.swift in Sources */ = {isa = PBXBuildFile; fileRef = 5715CAFD3870A9D31BC09DAC /* ToyBlock.swift */; };
		767B02B74C9BA50FFA2E1B3F /* YahtzeeApp.swift in Sources */ = {isa = PBXBuildFile; fileRef = 1B0A42FABE126185936A4457 /* YahtzeeApp.swift */; };
		779A1C811E6A3565B1017FD4 /* wissel.wav in Resources */ = {isa = PBXBuildFile; fileRef = DA02E7AB2EF71EDD1EB2DD0D /* wissel.wav */; };
		780992BCEEBEBEE08339AF53 /* rol.wav in Resources */ = {isa = PBXBuildFile; fileRef = 4919C37682A252524C3AD3E8 /* rol.wav */; };
		7C0C0B8B2B6D94FDF0C9721F /* ComputerDecision.swift in Sources */ = {isa = PBXBuildFile; fileRef = 4C39C91C23897A54F3E30916 /* ComputerDecision.swift */; };
		7C18D64545F06BBA6E29F63C /* ActiveGame.swift in Sources */ = {isa = PBXBuildFile; fileRef = EEF42C9580E17CC0C5F8999A /* ActiveGame.swift */; };
		7CB09006368A1B7281CC343B /* SoundPlayer.swift in Sources */ = {isa = PBXBuildFile; fileRef = 35BA779993F60EA30679299F /* SoundPlayer.swift */; };
		8C8215BC239C330A8FD95BB1 /* GameEngineTests.swift in Sources */ = {isa = PBXBuildFile; fileRef = 491D243EE79706EC95516389 /* GameEngineTests.swift */; };
		8D24BDF9582B82774CB741BA /* GameEngine.swift in Sources */ = {isa = PBXBuildFile; fileRef = 0D7BDB4CB3470410D8D57D94 /* GameEngine.swift */; };
		936E881E59299AEE24FC5291 /* RollCalloutView.swift in Sources */ = {isa = PBXBuildFile; fileRef = A4AC710E333FBE5D667208B9 /* RollCalloutView.swift */; };
		9AA2D70DB9339D9F70C0E870 /* ProfilesView.swift in Sources */ = {isa = PBXBuildFile; fileRef = 9DDCD07E864A07331F04EE9F /* ProfilesView.swift */; };
		9E904BD8430C76D90DB4290A /* GamePlayer.swift in Sources */ = {isa = PBXBuildFile; fileRef = F1780A662CAC6FD50B58B826 /* GamePlayer.swift */; };
		A97E08433C1FB3B34E2EE6A4 /* RollPhrase.swift in Sources */ = {isa = PBXBuildFile; fileRef = BF75799455F5E109298500CF /* RollPhrase.swift */; };
		B27AF48579CF1F6ABF8F4FD6 /* TurnBannerView.swift in Sources */ = {isa = PBXBuildFile; fileRef = DC56DB7E3019793D4CA0B66C /* TurnBannerView.swift */; };
		B999654CD6E0B730D6EA7FE7 /* AdviceExplainer.swift in Sources */ = {isa = PBXBuildFile; fileRef = C498D0BC32F14B95C4D87B93 /* AdviceExplainer.swift */; };
		C1949D6432016F7F94D86F6F /* ComputerAITests.swift in Sources */ = {isa = PBXBuildFile; fileRef = 90E6D38C9E3667E19C7BD909 /* ComputerAITests.swift */; };
		C2D1D4BD713CF7E30B44D258 /* ProfileStoreTests.swift in Sources */ = {isa = PBXBuildFile; fileRef = E590AA927AA37E715FD7CEFA /* ProfileStoreTests.swift */; };
		C3D563E1DD7E3FE1769AF219 /* AppMetrics.swift in Sources */ = {isa = PBXBuildFile; fileRef = C57A0A98A8EA6AC270FD2BF7 /* AppMetrics.swift */; };
		C3E2448389E16094225DAAE2 /* ThemeStore.swift in Sources */ = {isa = PBXBuildFile; fileRef = FFAC35E2CA800C6B0B4D749C /* ThemeStore.swift */; };
		C405BAD4D45993B1B3A149C3 /* ScoreCellView.swift in Sources */ = {isa = PBXBuildFile; fileRef = 2D34CD4C6CE682F960180174 /* ScoreCellView.swift */; };
		C70D3580E17554575DACA2FF /* ProfileRowView.swift in Sources */ = {isa = PBXBuildFile; fileRef = D467679E91E4BB018C34FAB3 /* ProfileRowView.swift */; };
		C87BE4FCA2BFB637F962D337 /* HomeView.swift in Sources */ = {isa = PBXBuildFile; fileRef = 7DA2EC36B1EC50B75337D071 /* HomeView.swift */; };
		CA4617ED466FEF9CF198A801 /* RoundStripView.swift in Sources */ = {isa = PBXBuildFile; fileRef = 53ECA4D176E447222DBE3ABE /* RoundStripView.swift */; };
		CB1E1B5892BE9B0C8FD5B01E /* Die.swift in Sources */ = {isa = PBXBuildFile; fileRef = 2FBF487EC304E6D9D611B98B /* Die.swift */; };
		CB4A4FFC974EF3362974BB23 /* TipButtonView.swift in Sources */ = {isa = PBXBuildFile; fileRef = 4AC111B5B1855BFA41B3C704 /* TipButtonView.swift */; };
		CCBC380FF3FCA4F567628E26 /* GameTallLayout.swift in Sources */ = {isa = PBXBuildFile; fileRef = D97BC2DB763DCC3E5A8EDE58 /* GameTallLayout.swift */; };
		CE4CEB1651D6098CEF4495D2 /* Scorecard.swift in Sources */ = {isa = PBXBuildFile; fileRef = DFF678AE43CFE51DF7CC3EF9 /* Scorecard.swift */; };
		D012F3B21085B23B10CA3061 /* ToyDialog.swift in Sources */ = {isa = PBXBuildFile; fileRef = 55A2E76878588BB3739407E7 /* ToyDialog.swift */; };
		D08A3F0F434AEC9C21C730C7 /* AppTheme.swift in Sources */ = {isa = PBXBuildFile; fileRef = F4D679AAD93CDFBC8574FAFD /* AppTheme.swift */; };
		D0E0EDAB74AB57E69155434B /* StraightGlyph.swift in Sources */ = {isa = PBXBuildFile; fileRef = 04F7838AC9AD2142A7BD7A3F /* StraightGlyph.swift */; };
		D4E86C377774E8E4B862A829 /* ProfileStatsView.swift in Sources */ = {isa = PBXBuildFile; fileRef = 103B4B773BB381BB998F8FA0 /* ProfileStatsView.swift */; };
		D60633C12F873678F5C69D27 /* GameHeaderView.swift in Sources */ = {isa = PBXBuildFile; fileRef = 7DCF4F19D03D2D396A148AF8 /* GameHeaderView.swift */; };
		DA7BE6DBF31DD2EDE1281FC3 /* ComputerLevel.swift in Sources */ = {isa = PBXBuildFile; fileRef = A96E82DA8D203741690A3A61 /* ComputerLevel.swift */; };
		DDADFFE85F3A9DB75697B99C /* SoundPlayerTests.swift in Sources */ = {isa = PBXBuildFile; fileRef = DD21D48ADB1B8BE26E2E9764 /* SoundPlayerTests.swift */; };
		E126FC6778CE3B96E676705A /* GameStore.swift in Sources */ = {isa = PBXBuildFile; fileRef = B5FABA3B8C6BF0BC93C60C15 /* GameStore.swift */; };
		E178DCBAD43AA8CA0431E65B /* PlayerProfile.swift in Sources */ = {isa = PBXBuildFile; fileRef = FAD11B45827DBEE55EC3F78D /* PlayerProfile.swift */; };
		F03C47B145FF31F56EABFBCD /* AdviceExplainerTests.swift in Sources */ = {isa = PBXBuildFile; fileRef = EF764EDDE5B883845E982465 /* AdviceExplainerTests.swift */; };
		F4654E1D7277FEE06DAEA7CD /* Destination.swift in Sources */ = {isa = PBXBuildFile; fileRef = A06C7CEC0415B7437354CA4D /* Destination.swift */; };
		FA0BB258B6915CDA1FE0B0C9 /* SettingsView.swift in Sources */ = {isa = PBXBuildFile; fileRef = 68918AF5B5585DAB009B168A /* SettingsView.swift */; };
		FA4E7B8D8128A24931E28953 /* CoachBubbleView.swift in Sources */ = {isa = PBXBuildFile; fileRef = 254ECA536BAD8073EBF81C84 /* CoachBubbleView.swift */; };
		FF37D4D3676F84ADE49FD64C /* GameActions.swift in Sources */ = {isa = PBXBuildFile; fileRef = F1D58AEC42CD316BD09D45AC /* GameActions.swift */; };
/* End PBXBuildFile section */

/* Begin PBXContainerItemProxy section */
		6B7904C715AE4092361AEEA8 /* PBXContainerItemProxy */ = {
			isa = PBXContainerItemProxy;
			containerPortal = 343958D7F5192A8978773EA8 /* Project object */;
			proxyType = 1;
			remoteGlobalIDString = 18B4AD81FED5EEDCAE6F1F25;
			remoteInfo = Yahtzee;
		};
/* End PBXContainerItemProxy section */

/* Begin PBXFileReference section */
		04F7838AC9AD2142A7BD7A3F /* StraightGlyph.swift */ = {isa = PBXFileReference; lastKnownFileType = sourcecode.swift; path = StraightGlyph.swift; sourceTree = "<group>"; };
		08EBD587280B6E954755F2F5 /* plop.wav */ = {isa = PBXFileReference; lastKnownFileType = audio.wav; path = plop.wav; sourceTree = "<group>"; };
		0D7BDB4CB3470410D8D57D94 /* GameEngine.swift */ = {isa = PBXFileReference; lastKnownFileType = sourcecode.swift; path = GameEngine.swift; sourceTree = "<group>"; };
		103B4B773BB381BB998F8FA0 /* ProfileStatsView.swift */ = {isa = PBXFileReference; lastKnownFileType = sourcecode.swift; path = ProfileStatsView.swift; sourceTree = "<group>"; };
		140C02D33A6AED897584ACA5 /* AvatarBadge.swift */ = {isa = PBXFileReference; lastKnownFileType = sourcecode.swift; path = AvatarBadge.swift; sourceTree = "<group>"; };
		1B0A42FABE126185936A4457 /* YahtzeeApp.swift */ = {isa = PBXFileReference; lastKnownFileType = sourcecode.swift; path = YahtzeeApp.swift; sourceTree = "<group>"; };
		1D1495CF5A08CE4FE46D5744 /* fanfare.wav */ = {isa = PBXFileReference; lastKnownFileType = audio.wav; path = fanfare.wav; sourceTree = "<group>"; };
		254ECA536BAD8073EBF81C84 /* CoachBubbleView.swift */ = {isa = PBXFileReference; lastKnownFileType = sourcecode.swift; path = CoachBubbleView.swift; sourceTree = "<group>"; };
		29523F1BA2D06F74D488BA27 /* Assets.xcassets */ = {isa = PBXFileReference; lastKnownFileType = folder.assetcatalog; path = Assets.xcassets; sourceTree = "<group>"; };
		2D34CD4C6CE682F960180174 /* ScoreCellView.swift */ = {isa = PBXFileReference; lastKnownFileType = sourcecode.swift; path = ScoreCellView.swift; sourceTree = "<group>"; };
		2E760F0309B9C4D8CE661A98 /* ProfileStore.swift */ = {isa = PBXFileReference; lastKnownFileType = sourcecode.swift; path = ProfileStore.swift; sourceTree = "<group>"; };
		2FBF487EC304E6D9D611B98B /* Die.swift */ = {isa = PBXFileReference; lastKnownFileType = sourcecode.swift; path = Die.swift; sourceTree = "<group>"; };
		35BA779993F60EA30679299F /* SoundPlayer.swift */ = {isa = PBXFileReference; lastKnownFileType = sourcecode.swift; path = SoundPlayer.swift; sourceTree = "<group>"; };
		38F108A028507411656E8EA7 /* DiePips.swift */ = {isa = PBXFileReference; lastKnownFileType = sourcecode.swift; path = DiePips.swift; sourceTree = "<group>"; };
		39E38F075F5C620D40249354 /* YahtzeeScorer.swift */ = {isa = PBXFileReference; lastKnownFileType = sourcecode.swift; path = YahtzeeScorer.swift; sourceTree = "<group>"; };
		457DC96132EBA03821A4C43F /* DiceTrayView.swift */ = {isa = PBXFileReference; lastKnownFileType = sourcecode.swift; path = DiceTrayView.swift; sourceTree = "<group>"; };
		4919C37682A252524C3AD3E8 /* rol.wav */ = {isa = PBXFileReference; lastKnownFileType = audio.wav; path = rol.wav; sourceTree = "<group>"; };
		491D243EE79706EC95516389 /* GameEngineTests.swift */ = {isa = PBXFileReference; lastKnownFileType = sourcecode.swift; path = GameEngineTests.swift; sourceTree = "<group>"; };
		4A2F0C9DBD4CD175E1C97178 /* RollButtonView.swift */ = {isa = PBXFileReference; lastKnownFileType = sourcecode.swift; path = RollButtonView.swift; sourceTree = "<group>"; };
		4AC111B5B1855BFA41B3C704 /* TipButtonView.swift */ = {isa = PBXFileReference; lastKnownFileType = sourcecode.swift; path = TipButtonView.swift; sourceTree = "<group>"; };
		4C39C91C23897A54F3E30916 /* ComputerDecision.swift */ = {isa = PBXFileReference; lastKnownFileType = sourcecode.swift; path = ComputerDecision.swift; sourceTree = "<group>"; };
		4C9C0DAC31D7658923CFA860 /* ToyButtonStyle.swift */ = {isa = PBXFileReference; lastKnownFileType = sourcecode.swift; path = ToyButtonStyle.swift; sourceTree = "<group>"; };
		53ECA4D176E447222DBE3ABE /* RoundStripView.swift */ = {isa = PBXFileReference; lastKnownFileType = sourcecode.swift; path = RoundStripView.swift; sourceTree = "<group>"; };
		55A2E76878588BB3739407E7 /* ToyDialog.swift */ = {isa = PBXFileReference; lastKnownFileType = sourcecode.swift; path = ToyDialog.swift; sourceTree = "<group>"; };
		5715CAFD3870A9D31BC09DAC /* ToyBlock.swift */ = {isa = PBXFileReference; lastKnownFileType = sourcecode.swift; path = ToyBlock.swift; sourceTree = "<group>"; };
		5BF58ADE0558AABA7F6FF61F /* ScoreCategory.swift */ = {isa = PBXFileReference; lastKnownFileType = sourcecode.swift; path = ScoreCategory.swift; sourceTree = "<group>"; };
		68918AF5B5585DAB009B168A /* SettingsView.swift */ = {isa = PBXFileReference; lastKnownFileType = sourcecode.swift; path = SettingsView.swift; sourceTree = "<group>"; };
		6B9EE9E317DAB2739473E5CC /* ThemePalette.swift */ = {isa = PBXFileReference; lastKnownFileType = sourcecode.swift; path = ThemePalette.swift; sourceTree = "<group>"; };
		76EF818C857F3C3D5867F896 /* GameResultOverlay.swift */ = {isa = PBXFileReference; lastKnownFileType = sourcecode.swift; path = GameResultOverlay.swift; sourceTree = "<group>"; };
		791EFB62323913A0870D317F /* GameView.swift */ = {isa = PBXFileReference; lastKnownFileType = sourcecode.swift; path = GameView.swift; sourceTree = "<group>"; };
		7B43D5459D0FEB7686BE80C5 /* ScorecardView.swift */ = {isa = PBXFileReference; lastKnownFileType = sourcecode.swift; path = ScorecardView.swift; sourceTree = "<group>"; };
		7DA2EC36B1EC50B75337D071 /* HomeView.swift */ = {isa = PBXFileReference; lastKnownFileType = sourcecode.swift; path = HomeView.swift; sourceTree = "<group>"; };
		7DCF4F19D03D2D396A148AF8 /* GameHeaderView.swift */ = {isa = PBXFileReference; lastKnownFileType = sourcecode.swift; path = GameHeaderView.swift; sourceTree = "<group>"; };
		7FEC372715627D12D6B31994 /* PlayerHeaderView.swift */ = {isa = PBXFileReference; lastKnownFileType = sourcecode.swift; path = PlayerHeaderView.swift; sourceTree = "<group>"; };
		87E28DB6DB2B44405D5584A0 /* DieView.swift */ = {isa = PBXFileReference; lastKnownFileType = sourcecode.swift; path = DieView.swift; sourceTree = "<group>"; };
		8C787B257B616D2DB3084E38 /* AdviceTests.swift */ = {isa = PBXFileReference; lastKnownFileType = sourcecode.swift; path = AdviceTests.swift; sourceTree = "<group>"; };
		90E6D38C9E3667E19C7BD909 /* ComputerAITests.swift */ = {isa = PBXFileReference; lastKnownFileType = sourcecode.swift; path = ComputerAITests.swift; sourceTree = "<group>"; };
		94051449D6FACE628BB5F6C3 /* GameStoreTests.swift */ = {isa = PBXFileReference; lastKnownFileType = sourcecode.swift; path = GameStoreTests.swift; sourceTree = "<group>"; };
		9DDCD07E864A07331F04EE9F /* ProfilesView.swift */ = {isa = PBXFileReference; lastKnownFileType = sourcecode.swift; path = ProfilesView.swift; sourceTree = "<group>"; };
		A06C7CEC0415B7437354CA4D /* Destination.swift */ = {isa = PBXFileReference; lastKnownFileType = sourcecode.swift; path = Destination.swift; sourceTree = "<group>"; };
		A102392252D9BBF0EFA79C48 /* GameSetupView.swift */ = {isa = PBXFileReference; lastKnownFileType = sourcecode.swift; path = GameSetupView.swift; sourceTree = "<group>"; };
		A4AC710E333FBE5D667208B9 /* RollCalloutView.swift */ = {isa = PBXFileReference; lastKnownFileType = sourcecode.swift; path = RollCalloutView.swift; sourceTree = "<group>"; };
		A96E82DA8D203741690A3A61 /* ComputerLevel.swift */ = {isa = PBXFileReference; lastKnownFileType = sourcecode.swift; path = ComputerLevel.swift; sourceTree = "<group>"; };
		ABA031A0050389C7AFDC085E /* CategoryIcon.swift */ = {isa = PBXFileReference; lastKnownFileType = sourcecode.swift; path = CategoryIcon.swift; sourceTree = "<group>"; };
		ACE6B60723C0645454FB6A29 /* RollPhraseTests.swift */ = {isa = PBXFileReference; lastKnownFileType = sourcecode.swift; path = RollPhraseTests.swift; sourceTree = "<group>"; };
		B4106C2B985977A5F087D6B2 /* CelebrationBurstView.swift */ = {isa = PBXFileReference; lastKnownFileType = sourcecode.swift; path = CelebrationBurstView.swift; sourceTree = "<group>"; };
		B5FABA3B8C6BF0BC93C60C15 /* GameStore.swift */ = {isa = PBXFileReference; lastKnownFileType = sourcecode.swift; path = GameStore.swift; sourceTree = "<group>"; };
		B8348FF0337C91FE0353105B /* SplitMix64.swift */ = {isa = PBXFileReference; lastKnownFileType = sourcecode.swift; path = SplitMix64.swift; sourceTree = "<group>"; };
		BF75799455F5E109298500CF /* RollPhrase.swift */ = {isa = PBXFileReference; lastKnownFileType = sourcecode.swift; path = RollPhrase.swift; sourceTree = "<group>"; };
		C068493FA00825E0C2F9EBA0 /* GameWideLayout.swift */ = {isa = PBXFileReference; lastKnownFileType = sourcecode.swift; path = GameWideLayout.swift; sourceTree = "<group>"; };
		C498D0BC32F14B95C4D87B93 /* AdviceExplainer.swift */ = {isa = PBXFileReference; lastKnownFileType = sourcecode.swift; path = AdviceExplainer.swift; sourceTree = "<group>"; };
		C57A0A98A8EA6AC270FD2BF7 /* AppMetrics.swift */ = {isa = PBXFileReference; lastKnownFileType = sourcecode.swift; path = AppMetrics.swift; sourceTree = "<group>"; };
		CB3CA5A62BF774B17B8FEBBD /* Yahtzee Tests.xctest */ = {isa = PBXFileReference; includeInIndex = 0; lastKnownFileType = wrapper.cfbundle; path = "Yahtzee Tests.xctest"; sourceTree = BUILT_PRODUCTS_DIR; };
		CE5446247067453F5E6691B1 /* ding.wav */ = {isa = PBXFileReference; lastKnownFileType = audio.wav; path = ding.wav; sourceTree = "<group>"; };
		CFD17F6471C46A602F31423E /* Yahtzee.app */ = {isa = PBXFileReference; includeInIndex = 0; lastKnownFileType = wrapper.application; path = Yahtzee.app; sourceTree = BUILT_PRODUCTS_DIR; };
		D467679E91E4BB018C34FAB3 /* ProfileRowView.swift */ = {isa = PBXFileReference; lastKnownFileType = sourcecode.swift; path = ProfileRowView.swift; sourceTree = "<group>"; };
		D97BC2DB763DCC3E5A8EDE58 /* GameTallLayout.swift */ = {isa = PBXFileReference; lastKnownFileType = sourcecode.swift; path = GameTallLayout.swift; sourceTree = "<group>"; };
		DA02E7AB2EF71EDD1EB2DD0D /* wissel.wav */ = {isa = PBXFileReference; lastKnownFileType = audio.wav; path = wissel.wav; sourceTree = "<group>"; };
		DC527C430E0ECE7DA206B2BD /* GameMode.swift */ = {isa = PBXFileReference; lastKnownFileType = sourcecode.swift; path = GameMode.swift; sourceTree = "<group>"; };
		DC56DB7E3019793D4CA0B66C /* TurnBannerView.swift */ = {isa = PBXFileReference; lastKnownFileType = sourcecode.swift; path = TurnBannerView.swift; sourceTree = "<group>"; };
		DD21D48ADB1B8BE26E2E9764 /* SoundPlayerTests.swift */ = {isa = PBXFileReference; lastKnownFileType = sourcecode.swift; path = SoundPlayerTests.swift; sourceTree = "<group>"; };
		DFF678AE43CFE51DF7CC3EF9 /* Scorecard.swift */ = {isa = PBXFileReference; lastKnownFileType = sourcecode.swift; path = Scorecard.swift; sourceTree = "<group>"; };
		E13E21BE644BCDE8F469A2C2 /* GameSnapshot.swift */ = {isa = PBXFileReference; lastKnownFileType = sourcecode.swift; path = GameSnapshot.swift; sourceTree = "<group>"; };
		E590AA927AA37E715FD7CEFA /* ProfileStoreTests.swift */ = {isa = PBXFileReference; lastKnownFileType = sourcecode.swift; path = ProfileStoreTests.swift; sourceTree = "<group>"; };
		EA9E50AF1BC7504156E2FAF0 /* ComputerAI.swift */ = {isa = PBXFileReference; lastKnownFileType = sourcecode.swift; path = ComputerAI.swift; sourceTree = "<group>"; };
		EEF42C9580E17CC0C5F8999A /* ActiveGame.swift */ = {isa = PBXFileReference; lastKnownFileType = sourcecode.swift; path = ActiveGame.swift; sourceTree = "<group>"; };
		EF764EDDE5B883845E982465 /* AdviceExplainerTests.swift */ = {isa = PBXFileReference; lastKnownFileType = sourcecode.swift; path = AdviceExplainerTests.swift; sourceTree = "<group>"; };
		F1780A662CAC6FD50B58B826 /* GamePlayer.swift */ = {isa = PBXFileReference; lastKnownFileType = sourcecode.swift; path = GamePlayer.swift; sourceTree = "<group>"; };
		F1D58AEC42CD316BD09D45AC /* GameActions.swift */ = {isa = PBXFileReference; lastKnownFileType = sourcecode.swift; path = GameActions.swift; sourceTree = "<group>"; };
		F4D679AAD93CDFBC8574FAFD /* AppTheme.swift */ = {isa = PBXFileReference; lastKnownFileType = sourcecode.swift; path = AppTheme.swift; sourceTree = "<group>"; };
		F4E449E4980AE76BDCCB6160 /* YahtzeeScorerTests.swift */ = {isa = PBXFileReference; lastKnownFileType = sourcecode.swift; path = YahtzeeScorerTests.swift; sourceTree = "<group>"; };
		FAD11B45827DBEE55EC3F78D /* PlayerProfile.swift */ = {isa = PBXFileReference; lastKnownFileType = sourcecode.swift; path = PlayerProfile.swift; sourceTree = "<group>"; };
		FFAC35E2CA800C6B0B4D749C /* ThemeStore.swift */ = {isa = PBXFileReference; lastKnownFileType = sourcecode.swift; path = ThemeStore.swift; sourceTree = "<group>"; };
/* End PBXFileReference section */

/* Begin PBXGroup section */
		11506B46F8908B1E576257B5 /* Yahtzee Tests */ = {
			isa = PBXGroup;
			children = (
				EF764EDDE5B883845E982465 /* AdviceExplainerTests.swift */,
				8C787B257B616D2DB3084E38 /* AdviceTests.swift */,
				90E6D38C9E3667E19C7BD909 /* ComputerAITests.swift */,
				491D243EE79706EC95516389 /* GameEngineTests.swift */,
				94051449D6FACE628BB5F6C3 /* GameStoreTests.swift */,
				E590AA927AA37E715FD7CEFA /* ProfileStoreTests.swift */,
				ACE6B60723C0645454FB6A29 /* RollPhraseTests.swift */,
				DD21D48ADB1B8BE26E2E9764 /* SoundPlayerTests.swift */,
				F4E449E4980AE76BDCCB6160 /* YahtzeeScorerTests.swift */,
			);
			path = "Yahtzee Tests";
			sourceTree = "<group>";
		};
		161C04D0CCB77A7EF983CBD7 /* Yahtzee */ = {
			isa = PBXGroup;
			children = (
				29523F1BA2D06F74D488BA27 /* Assets.xcassets */,
				1B0A42FABE126185936A4457 /* YahtzeeApp.swift */,
				974D37983874F5C0E0476C26 /* AI */,
				B0F580BC0760CC0E98C5F436 /* Components */,
				FF98C73634FA0955FA7DA9A4 /* Game */,
				9F1C1D810BDEBD2CF296D645 /* Models */,
				EC9BE66BDFDD67D66B9FFE76 /* Persistence */,
				EC5CFFBA1464755886B7083D /* Resources */,
				F9BD4FE8B38D8D5CCA2236EF /* Screens */,
				D5EFAB21EB6F34187FC7BD99 /* Sound */,
				8A488F39939DDD1279D995F9 /* Theme */,
			);
			path = Yahtzee;
			sourceTree = "<group>";
		};
		17AFE392D03E5CAD402ADEDF /* Home */ = {
			isa = PBXGroup;
			children = (
				EEF42C9580E17CC0C5F8999A /* ActiveGame.swift */,
				A06C7CEC0415B7437354CA4D /* Destination.swift */,
				7DA2EC36B1EC50B75337D071 /* HomeView.swift */,
			);
			path = Home;
			sourceTree = "<group>";
		};
		2AC17301BE671174D12140C4 = {
			isa = PBXGroup;
			children = (
				161C04D0CCB77A7EF983CBD7 /* Yahtzee */,
				11506B46F8908B1E576257B5 /* Yahtzee Tests */,
				54707BDA4B761828E32FE8EC /* Products */,
			);
			sourceTree = "<group>";
		};
		3329536E00BA0C03148B632A /* Setup */ = {
			isa = PBXGroup;
			children = (
				A102392252D9BBF0EFA79C48 /* GameSetupView.swift */,
			);
			path = Setup;
			sourceTree = "<group>";
		};
		3CD1CA1E4AFBA0EF672B7B20 /* Settings */ = {
			isa = PBXGroup;
			children = (
				68918AF5B5585DAB009B168A /* SettingsView.swift */,
			);
			path = Settings;
			sourceTree = "<group>";
		};
		54707BDA4B761828E32FE8EC /* Products */ = {
			isa = PBXGroup;
			children = (
				CB3CA5A62BF774B17B8FEBBD /* Yahtzee Tests.xctest */,
				CFD17F6471C46A602F31423E /* Yahtzee.app */,
			);
			name = Products;
			sourceTree = "<group>";
		};
		8A488F39939DDD1279D995F9 /* Theme */ = {
			isa = PBXGroup;
			children = (
				C57A0A98A8EA6AC270FD2BF7 /* AppMetrics.swift */,
				F4D679AAD93CDFBC8574FAFD /* AppTheme.swift */,
				6B9EE9E317DAB2739473E5CC /* ThemePalette.swift */,
				FFAC35E2CA800C6B0B4D749C /* ThemeStore.swift */,
				5715CAFD3870A9D31BC09DAC /* ToyBlock.swift */,
				4C9C0DAC31D7658923CFA860 /* ToyButtonStyle.swift */,
			);
			path = Theme;
			sourceTree = "<group>";
		};
		8D2CF9FF65377E18472E0AA9 /* Profiles */ = {
			isa = PBXGroup;
			children = (
				D467679E91E4BB018C34FAB3 /* ProfileRowView.swift */,
				103B4B773BB381BB998F8FA0 /* ProfileStatsView.swift */,
				9DDCD07E864A07331F04EE9F /* ProfilesView.swift */,
			);
			path = Profiles;
			sourceTree = "<group>";
		};
		974D37983874F5C0E0476C26 /* AI */ = {
			isa = PBXGroup;
			children = (
				EA9E50AF1BC7504156E2FAF0 /* ComputerAI.swift */,
				4C39C91C23897A54F3E30916 /* ComputerDecision.swift */,
				A96E82DA8D203741690A3A61 /* ComputerLevel.swift */,
			);
			path = AI;
			sourceTree = "<group>";
		};
		9F1C1D810BDEBD2CF296D645 /* Models */ = {
			isa = PBXGroup;
			children = (
				2FBF487EC304E6D9D611B98B /* Die.swift */,
				DC527C430E0ECE7DA206B2BD /* GameMode.swift */,
				FAD11B45827DBEE55EC3F78D /* PlayerProfile.swift */,
				DFF678AE43CFE51DF7CC3EF9 /* Scorecard.swift */,
				5BF58ADE0558AABA7F6FF61F /* ScoreCategory.swift */,
			);
			path = Models;
			sourceTree = "<group>";
		};
		AC5ABBB2BEB17C26BB0B1915 /* Sounds */ = {
			isa = PBXGroup;
			children = (
				CE5446247067453F5E6691B1 /* ding.wav */,
				1D1495CF5A08CE4FE46D5744 /* fanfare.wav */,
				08EBD587280B6E954755F2F5 /* plop.wav */,
				4919C37682A252524C3AD3E8 /* rol.wav */,
				DA02E7AB2EF71EDD1EB2DD0D /* wissel.wav */,
			);
			path = Sounds;
			sourceTree = "<group>";
		};
		B0F580BC0760CC0E98C5F436 /* Components */ = {
			isa = PBXGroup;
			children = (
				140C02D33A6AED897584ACA5 /* AvatarBadge.swift */,
				ABA031A0050389C7AFDC085E /* CategoryIcon.swift */,
				457DC96132EBA03821A4C43F /* DiceTrayView.swift */,
				38F108A028507411656E8EA7 /* DiePips.swift */,
				87E28DB6DB2B44405D5584A0 /* DieView.swift */,
				7FEC372715627D12D6B31994 /* PlayerHeaderView.swift */,
				7B43D5459D0FEB7686BE80C5 /* ScorecardView.swift */,
				2D34CD4C6CE682F960180174 /* ScoreCellView.swift */,
				04F7838AC9AD2142A7BD7A3F /* StraightGlyph.swift */,
				55A2E76878588BB3739407E7 /* ToyDialog.swift */,
			);
			path = Components;
			sourceTree = "<group>";
		};
		C87A2A2743F85922E3D111F0 /* Game */ = {
			isa = PBXGroup;
			children = (
				B4106C2B985977A5F087D6B2 /* CelebrationBurstView.swift */,
				254ECA536BAD8073EBF81C84 /* CoachBubbleView.swift */,
				F1D58AEC42CD316BD09D45AC /* GameActions.swift */,
				7DCF4F19D03D2D396A148AF8 /* GameHeaderView.swift */,
				76EF818C857F3C3D5867F896 /* GameResultOverlay.swift */,
				D97BC2DB763DCC3E5A8EDE58 /* GameTallLayout.swift */,
				791EFB62323913A0870D317F /* GameView.swift */,
				C068493FA00825E0C2F9EBA0 /* GameWideLayout.swift */,
				4A2F0C9DBD4CD175E1C97178 /* RollButtonView.swift */,
				A4AC710E333FBE5D667208B9 /* RollCalloutView.swift */,
				53ECA4D176E447222DBE3ABE /* RoundStripView.swift */,
				4AC111B5B1855BFA41B3C704 /* TipButtonView.swift */,
				DC56DB7E3019793D4CA0B66C /* TurnBannerView.swift */,
			);
			path = Game;
			sourceTree = "<group>";
		};
		D5EFAB21EB6F34187FC7BD99 /* Sound */ = {
			isa = PBXGroup;
			children = (
				35BA779993F60EA30679299F /* SoundPlayer.swift */,
			);
			path = Sound;
			sourceTree = "<group>";
		};
		EC5CFFBA1464755886B7083D /* Resources */ = {
			isa = PBXGroup;
			children = (
				AC5ABBB2BEB17C26BB0B1915 /* Sounds */,
			);
			path = Resources;
			sourceTree = "<group>";
		};
		EC9BE66BDFDD67D66B9FFE76 /* Persistence */ = {
			isa = PBXGroup;
			children = (
				B5FABA3B8C6BF0BC93C60C15 /* GameStore.swift */,
				2E760F0309B9C4D8CE661A98 /* ProfileStore.swift */,
			);
			path = Persistence;
			sourceTree = "<group>";
		};
		F9BD4FE8B38D8D5CCA2236EF /* Screens */ = {
			isa = PBXGroup;
			children = (
				C87A2A2743F85922E3D111F0 /* Game */,
				17AFE392D03E5CAD402ADEDF /* Home */,
				8D2CF9FF65377E18472E0AA9 /* Profiles */,
				3CD1CA1E4AFBA0EF672B7B20 /* Settings */,
				3329536E00BA0C03148B632A /* Setup */,
			);
			path = Screens;
			sourceTree = "<group>";
		};
		FF98C73634FA0955FA7DA9A4 /* Game */ = {
			isa = PBXGroup;
			children = (
				C498D0BC32F14B95C4D87B93 /* AdviceExplainer.swift */,
				0D7BDB4CB3470410D8D57D94 /* GameEngine.swift */,
				F1780A662CAC6FD50B58B826 /* GamePlayer.swift */,
				E13E21BE644BCDE8F469A2C2 /* GameSnapshot.swift */,
				BF75799455F5E109298500CF /* RollPhrase.swift */,
				B8348FF0337C91FE0353105B /* SplitMix64.swift */,
				39E38F075F5C620D40249354 /* YahtzeeScorer.swift */,
			);
			path = Game;
			sourceTree = "<group>";
		};
/* End PBXGroup section */

/* Begin PBXNativeTarget section */
		18B4AD81FED5EEDCAE6F1F25 /* Yahtzee */ = {
			isa = PBXNativeTarget;
			buildConfigurationList = 614BC0B0311F83669B0E516B /* Build configuration list for PBXNativeTarget "Yahtzee" */;
			buildPhases = (
				EB6877888604E8D3C65EDE18 /* Sources */,
				803E8AB9D6BCEBAC15090D6E /* Resources */,
			);
			buildRules = (
			);
			dependencies = (
			);
			name = Yahtzee;
			packageProductDependencies = (
			);
			productName = Yahtzee;
			productReference = CFD17F6471C46A602F31423E /* Yahtzee.app */;
			productType = "com.apple.product-type.application";
		};
		9B3CDFA5EB6AD8B1BBF481D9 /* Yahtzee Tests */ = {
			isa = PBXNativeTarget;
			buildConfigurationList = B750D144C6CC32F248F0DB50 /* Build configuration list for PBXNativeTarget "Yahtzee Tests" */;
			buildPhases = (
				32D1B397D58E6414114A6EAF /* Sources */,
			);
			buildRules = (
			);
			dependencies = (
				123BCB67A6C081190FDB1E4B /* PBXTargetDependency */,
			);
			name = "Yahtzee Tests";
			packageProductDependencies = (
			);
			productName = "Yahtzee Tests";
			productReference = CB3CA5A62BF774B17B8FEBBD /* Yahtzee Tests.xctest */;
			productType = "com.apple.product-type.bundle.unit-test";
		};
/* End PBXNativeTarget section */

/* Begin PBXProject section */
		343958D7F5192A8978773EA8 /* Project object */ = {
			isa = PBXProject;
			attributes = {
				BuildIndependentTargetsInParallel = YES;
				LastUpgradeCheck = 1430;
				TargetAttributes = {
					18B4AD81FED5EEDCAE6F1F25 = {
						DevelopmentTeam = VB6FS3N78T;
						ProvisioningStyle = Automatic;
					};
					9B3CDFA5EB6AD8B1BBF481D9 = {
						DevelopmentTeam = VB6FS3N78T;
						ProvisioningStyle = Automatic;
					};
				};
			};
			buildConfigurationList = A36DB14EC6E4E8363A3F7F0C /* Build configuration list for PBXProject "Yahtzee" */;
			developmentRegion = nl;
			hasScannedForEncodings = 0;
			knownRegions = (
				Base,
				nl,
			);
			mainGroup = 2AC17301BE671174D12140C4;
			minimizedProjectReferenceProxies = 1;
			preferredProjectObjectVersion = 77;
			productRefGroup = 54707BDA4B761828E32FE8EC /* Products */;
			projectDirPath = "";
			projectRoot = "";
			targets = (
				18B4AD81FED5EEDCAE6F1F25 /* Yahtzee */,
				9B3CDFA5EB6AD8B1BBF481D9 /* Yahtzee Tests */,
			);
		};
/* End PBXProject section */

/* Begin PBXResourcesBuildPhase section */
		803E8AB9D6BCEBAC15090D6E /* Resources */ = {
			isa = PBXResourcesBuildPhase;
			buildActionMask = 2147483647;
			files = (
				19C50DA86151A37B68242004 /* Assets.xcassets in Resources */,
				40A2B87631E4888C3561D841 /* ding.wav in Resources */,
				246745CF081489E2EFDF3432 /* fanfare.wav in Resources */,
				6CCE3013B261115DC213DB84 /* plop.wav in Resources */,
				780992BCEEBEBEE08339AF53 /* rol.wav in Resources */,
				779A1C811E6A3565B1017FD4 /* wissel.wav in Resources */,
			);
			runOnlyForDeploymentPostprocessing = 0;
		};
/* End PBXResourcesBuildPhase section */

/* Begin PBXSourcesBuildPhase section */
		32D1B397D58E6414114A6EAF /* Sources */ = {
			isa = PBXSourcesBuildPhase;
			buildActionMask = 2147483647;
			files = (
				F03C47B145FF31F56EABFBCD /* AdviceExplainerTests.swift in Sources */,
				42827553B5EA7B97B9D7FDAF /* AdviceTests.swift in Sources */,
				C1949D6432016F7F94D86F6F /* ComputerAITests.swift in Sources */,
				8C8215BC239C330A8FD95BB1 /* GameEngineTests.swift in Sources */,
				07A4470AA51F8008DFEDFB5C /* GameStoreTests.swift in Sources */,
				C2D1D4BD713CF7E30B44D258 /* ProfileStoreTests.swift in Sources */,
				2214B3D91CCC950B6DB39FCC /* RollPhraseTests.swift in Sources */,
				DDADFFE85F3A9DB75697B99C /* SoundPlayerTests.swift in Sources */,
				646B569EA87C987FAA4BF3FD /* YahtzeeScorerTests.swift in Sources */,
			);
			runOnlyForDeploymentPostprocessing = 0;
		};
		EB6877888604E8D3C65EDE18 /* Sources */ = {
			isa = PBXSourcesBuildPhase;
			buildActionMask = 2147483647;
			files = (
				7C18D64545F06BBA6E29F63C /* ActiveGame.swift in Sources */,
				B999654CD6E0B730D6EA7FE7 /* AdviceExplainer.swift in Sources */,
				C3D563E1DD7E3FE1769AF219 /* AppMetrics.swift in Sources */,
				D08A3F0F434AEC9C21C730C7 /* AppTheme.swift in Sources */,
				69F4CE35DFC06EFDB252D3C5 /* AvatarBadge.swift in Sources */,
				52C0AA87696749F7DDABDCFB /* CategoryIcon.swift in Sources */,
				0C2D8C963D1F6E8DF99B7C21 /* CelebrationBurstView.swift in Sources */,
				FA4E7B8D8128A24931E28953 /* CoachBubbleView.swift in Sources */,
				49AF095BCE1EC2ED740429F1 /* ComputerAI.swift in Sources */,
				7C0C0B8B2B6D94FDF0C9721F /* ComputerDecision.swift in Sources */,
				DA7BE6DBF31DD2EDE1281FC3 /* ComputerLevel.swift in Sources */,
				F4654E1D7277FEE06DAEA7CD /* Destination.swift in Sources */,
				3E484D14B7E6F23552A7B292 /* DiceTrayView.swift in Sources */,
				CB1E1B5892BE9B0C8FD5B01E /* Die.swift in Sources */,
				69BF7C1F37A60D4B5ED36AD0 /* DiePips.swift in Sources */,
				215AB712E5CD9806FA4040FB /* DieView.swift in Sources */,
				FF37D4D3676F84ADE49FD64C /* GameActions.swift in Sources */,
				8D24BDF9582B82774CB741BA /* GameEngine.swift in Sources */,
				D60633C12F873678F5C69D27 /* GameHeaderView.swift in Sources */,
				0ADC4A4BA2B71D63B38F9833 /* GameMode.swift in Sources */,
				9E904BD8430C76D90DB4290A /* GamePlayer.swift in Sources */,
				1FBE75C0F7DD1DCB590FA761 /* GameResultOverlay.swift in Sources */,
				2DFD0111D8450C091B4BB993 /* GameSetupView.swift in Sources */,
				28769D4080C3869C6BBAC0E3 /* GameSnapshot.swift in Sources */,
				E126FC6778CE3B96E676705A /* GameStore.swift in Sources */,
				CCBC380FF3FCA4F567628E26 /* GameTallLayout.swift in Sources */,
				013A9411EA07AABA538F7669 /* GameView.swift in Sources */,
				1DC38851CC10561EAF648C55 /* GameWideLayout.swift in Sources */,
				C87BE4FCA2BFB637F962D337 /* HomeView.swift in Sources */,
				1476C3AA2E25387C26411FC0 /* PlayerHeaderView.swift in Sources */,
				E178DCBAD43AA8CA0431E65B /* PlayerProfile.swift in Sources */,
				C70D3580E17554575DACA2FF /* ProfileRowView.swift in Sources */,
				D4E86C377774E8E4B862A829 /* ProfileStatsView.swift in Sources */,
				481845BC951477A9D0B71C91 /* ProfileStore.swift in Sources */,
				9AA2D70DB9339D9F70C0E870 /* ProfilesView.swift in Sources */,
				5D207723B91545974B637C78 /* RollButtonView.swift in Sources */,
				936E881E59299AEE24FC5291 /* RollCalloutView.swift in Sources */,
				A97E08433C1FB3B34E2EE6A4 /* RollPhrase.swift in Sources */,
				CA4617ED466FEF9CF198A801 /* RoundStripView.swift in Sources */,
				3FA61241D48BC1BD332FF223 /* ScoreCategory.swift in Sources */,
				C405BAD4D45993B1B3A149C3 /* ScoreCellView.swift in Sources */,
				CE4CEB1651D6098CEF4495D2 /* Scorecard.swift in Sources */,
				5492C01EA728726351BB7FC3 /* ScorecardView.swift in Sources */,
				FA0BB258B6915CDA1FE0B0C9 /* SettingsView.swift in Sources */,
				7CB09006368A1B7281CC343B /* SoundPlayer.swift in Sources */,
				54A59FD47CA1BE54945B2F36 /* SplitMix64.swift in Sources */,
				D0E0EDAB74AB57E69155434B /* StraightGlyph.swift in Sources */,
				6D11181504726FA6EA2B7DD1 /* ThemePalette.swift in Sources */,
				C3E2448389E16094225DAAE2 /* ThemeStore.swift in Sources */,
				CB4A4FFC974EF3362974BB23 /* TipButtonView.swift in Sources */,
				721537ED0932F1E87ED63F15 /* ToyBlock.swift in Sources */,
				0850B3E2D4DEEA234ECB7823 /* ToyButtonStyle.swift in Sources */,
				D012F3B21085B23B10CA3061 /* ToyDialog.swift in Sources */,
				B27AF48579CF1F6ABF8F4FD6 /* TurnBannerView.swift in Sources */,
				767B02B74C9BA50FFA2E1B3F /* YahtzeeApp.swift in Sources */,
				2A93A05B1ED555AF435D9A1D /* YahtzeeScorer.swift in Sources */,
			);
			runOnlyForDeploymentPostprocessing = 0;
		};
/* End PBXSourcesBuildPhase section */

/* Begin PBXTargetDependency section */
		123BCB67A6C081190FDB1E4B /* PBXTargetDependency */ = {
			isa = PBXTargetDependency;
			target = 18B4AD81FED5EEDCAE6F1F25 /* Yahtzee */;
			targetProxy = 6B7904C715AE4092361AEEA8 /* PBXContainerItemProxy */;
		};
/* End PBXTargetDependency section */

/* Begin XCBuildConfiguration section */
		070FEDBCA7991B9907FCF1AD /* Release */ = {
			isa = XCBuildConfiguration;
			buildSettings = {
				ASSETCATALOG_COMPILER_APPICON_NAME = AppIcon;
				CODE_SIGN_IDENTITY = "iPhone Developer";
				GENERATE_INFOPLIST_FILE = YES;
				INFOPLIST_KEY_CFBundleDisplayName = "Dobbel!";
				INFOPLIST_KEY_ITSAppUsesNonExemptEncryption = NO;
				INFOPLIST_KEY_LSRequiresIPhoneOS = YES;
				INFOPLIST_KEY_UIApplicationSupportsIndirectInputEvents = YES;
				INFOPLIST_KEY_UILaunchScreen_Generation = YES;
				INFOPLIST_KEY_UISupportedInterfaceOrientations = UIInterfaceOrientationPortrait;
				INFOPLIST_KEY_UISupportedInterfaceOrientations_iPad = "UIInterfaceOrientationPortrait UIInterfaceOrientationPortraitUpsideDown UIInterfaceOrientationLandscapeLeft UIInterfaceOrientationLandscapeRight";
				IPHONEOS_DEPLOYMENT_TARGET = 17.0;
				LD_RUNPATH_SEARCH_PATHS = (
					"$(inherited)",
					"@executable_path/Frameworks",
				);
				PRODUCT_BUNDLE_IDENTIFIER = com.pivo7.dobbel;
				PRODUCT_NAME = Yahtzee;
				SDKROOT = iphoneos;
				TARGETED_DEVICE_FAMILY = "1,2";
			};
			name = Release;
		};
		2D45344DB31591D52CBC4628 /* Release */ = {
			isa = XCBuildConfiguration;
			buildSettings = {
				BUNDLE_LOADER = "$(TEST_HOST)";
				GENERATE_INFOPLIST_FILE = YES;
				IPHONEOS_DEPLOYMENT_TARGET = 17.0;
				LD_RUNPATH_SEARCH_PATHS = (
					"$(inherited)",
					"@executable_path/Frameworks",
					"@loader_path/Frameworks",
				);
				PRODUCT_BUNDLE_IDENTIFIER = com.pivo7.dobbel.tests;
				SDKROOT = iphoneos;
				TARGETED_DEVICE_FAMILY = "1,2";
				TEST_HOST = "$(BUILT_PRODUCTS_DIR)/Yahtzee.app/Yahtzee";
			};
			name = Release;
		};
		381C302B935A3EAA453B5501 /* Debug */ = {
			isa = XCBuildConfiguration;
			buildSettings = {
				ALWAYS_SEARCH_USER_PATHS = NO;
				ASSETCATALOG_COMPILER_APPICON_NAME = AppIcon;
				CLANG_ANALYZER_NONNULL = YES;
				CLANG_ANALYZER_NUMBER_OBJECT_CONVERSION = YES_AGGRESSIVE;
				CLANG_CXX_LANGUAGE_STANDARD = "gnu++14";
				CLANG_CXX_LIBRARY = "libc++";
				CLANG_ENABLE_MODULES = YES;
				CLANG_ENABLE_OBJC_ARC = YES;
				CLANG_ENABLE_OBJC_WEAK = YES;
				CLANG_WARN_BLOCK_CAPTURE_AUTORELEASING = YES;
				CLANG_WARN_BOOL_CONVERSION = YES;
				CLANG_WARN_COMMA = YES;
				CLANG_WARN_CONSTANT_CONVERSION = YES;
				CLANG_WARN_DEPRECATED_OBJC_IMPLEMENTATIONS = YES;
				CLANG_WARN_DIRECT_OBJC_ISA_USAGE = YES_ERROR;
				CLANG_WARN_DOCUMENTATION_COMMENTS = YES;
				CLANG_WARN_EMPTY_BODY = YES;
				CLANG_WARN_ENUM_CONVERSION = YES;
				CLANG_WARN_INFINITE_RECURSION = YES;
				CLANG_WARN_INT_CONVERSION = YES;
				CLANG_WARN_NON_LITERAL_NULL_CONVERSION = YES;
				CLANG_WARN_OBJC_IMPLICIT_RETAIN_SELF = YES;
				CLANG_WARN_OBJC_LITERAL_CONVERSION = YES;
				CLANG_WARN_OBJC_ROOT_CLASS = YES_ERROR;
				CLANG_WARN_QUOTED_INCLUDE_IN_FRAMEWORK_HEADER = YES;
				CLANG_WARN_RANGE_LOOP_ANALYSIS = YES;
				CLANG_WARN_STRICT_PROTOTYPES = YES;
				CLANG_WARN_SUSPICIOUS_MOVE = YES;
				CLANG_WARN_UNGUARDED_AVAILABILITY = YES_AGGRESSIVE;
				CLANG_WARN_UNREACHABLE_CODE = YES;
				CLANG_WARN__DUPLICATE_METHOD_MATCH = YES;
				CODE_SIGN_STYLE = Automatic;
				COPY_PHASE_STRIP = NO;
				CURRENT_PROJECT_VERSION = 1;
				DEBUG_INFORMATION_FORMAT = dwarf;
				DEVELOPMENT_TEAM = VB6FS3N78T;
				ENABLE_STRICT_OBJC_MSGSEND = YES;
				ENABLE_TESTABILITY = YES;
				GCC_C_LANGUAGE_STANDARD = gnu11;
				GCC_DYNAMIC_NO_PIC = NO;
				GCC_NO_COMMON_BLOCKS = YES;
				GCC_OPTIMIZATION_LEVEL = 0;
				GCC_PREPROCESSOR_DEFINITIONS = (
					"$(inherited)",
					"DEBUG=1",
				);
				GCC_WARN_64_TO_32_BIT_CONVERSION = YES;
				GCC_WARN_ABOUT_RETURN_TYPE = YES_ERROR;
				GCC_WARN_UNDECLARED_SELECTOR = YES;
				GCC_WARN_UNINITIALIZED_AUTOS = YES_AGGRESSIVE;
				GCC_WARN_UNUSED_FUNCTION = YES;
				GCC_WARN_UNUSED_VARIABLE = YES;
				MARKETING_VERSION = 1.0;
				MTL_ENABLE_DEBUG_INFO = INCLUDE_SOURCE;
				MTL_FAST_MATH = YES;
				ONLY_ACTIVE_ARCH = YES;
				PRODUCT_NAME = "$(TARGET_NAME)";
				SDKROOT = iphoneos;
				SUPPORTED_PLATFORMS = "iphoneos iphonesimulator";
				SUPPORTS_MACCATALYST = NO;
				SWIFT_ACTIVE_COMPILATION_CONDITIONS = DEBUG;
				SWIFT_OPTIMIZATION_LEVEL = "-Onone";
				SWIFT_VERSION = 6.0;
				TARGETED_DEVICE_FAMILY = "1,2";
			};
			name = Debug;
		};
		956CBBCB067D3DFE4A4BFF65 /* Debug */ = {
			isa = XCBuildConfiguration;
			buildSettings = {
				BUNDLE_LOADER = "$(TEST_HOST)";
				GENERATE_INFOPLIST_FILE = YES;
				IPHONEOS_DEPLOYMENT_TARGET = 17.0;
				LD_RUNPATH_SEARCH_PATHS = (
					"$(inherited)",
					"@executable_path/Frameworks",
					"@loader_path/Frameworks",
				);
				PRODUCT_BUNDLE_IDENTIFIER = com.pivo7.dobbel.tests;
				SDKROOT = iphoneos;
				TARGETED_DEVICE_FAMILY = "1,2";
				TEST_HOST = "$(BUILT_PRODUCTS_DIR)/Yahtzee.app/Yahtzee";
			};
			name = Debug;
		};
		CA58E6A52B732D3087858EFA /* Debug */ = {
			isa = XCBuildConfiguration;
			buildSettings = {
				ASSETCATALOG_COMPILER_APPICON_NAME = AppIcon;
				CODE_SIGN_IDENTITY = "iPhone Developer";
				GENERATE_INFOPLIST_FILE = YES;
				INFOPLIST_KEY_CFBundleDisplayName = "Dobbel!";
				INFOPLIST_KEY_ITSAppUsesNonExemptEncryption = NO;
				INFOPLIST_KEY_LSRequiresIPhoneOS = YES;
				INFOPLIST_KEY_UIApplicationSupportsIndirectInputEvents = YES;
				INFOPLIST_KEY_UILaunchScreen_Generation = YES;
				INFOPLIST_KEY_UISupportedInterfaceOrientations = UIInterfaceOrientationPortrait;
				INFOPLIST_KEY_UISupportedInterfaceOrientations_iPad = "UIInterfaceOrientationPortrait UIInterfaceOrientationPortraitUpsideDown UIInterfaceOrientationLandscapeLeft UIInterfaceOrientationLandscapeRight";
				IPHONEOS_DEPLOYMENT_TARGET = 17.0;
				LD_RUNPATH_SEARCH_PATHS = (
					"$(inherited)",
					"@executable_path/Frameworks",
				);
				PRODUCT_BUNDLE_IDENTIFIER = com.pivo7.dobbel;
				PRODUCT_NAME = Yahtzee;
				SDKROOT = iphoneos;
				TARGETED_DEVICE_FAMILY = "1,2";
			};
			name = Debug;
		};
		FC54AD9CFEBD420E4A0D59AB /* Release */ = {
			isa = XCBuildConfiguration;
			buildSettings = {
				ALWAYS_SEARCH_USER_PATHS = NO;
				ASSETCATALOG_COMPILER_APPICON_NAME = AppIcon;
				CLANG_ANALYZER_NONNULL = YES;
				CLANG_ANALYZER_NUMBER_OBJECT_CONVERSION = YES_AGGRESSIVE;
				CLANG_CXX_LANGUAGE_STANDARD = "gnu++14";
				CLANG_CXX_LIBRARY = "libc++";
				CLANG_ENABLE_MODULES = YES;
				CLANG_ENABLE_OBJC_ARC = YES;
				CLANG_ENABLE_OBJC_WEAK = YES;
				CLANG_WARN_BLOCK_CAPTURE_AUTORELEASING = YES;
				CLANG_WARN_BOOL_CONVERSION = YES;
				CLANG_WARN_COMMA = YES;
				CLANG_WARN_CONSTANT_CONVERSION = YES;
				CLANG_WARN_DEPRECATED_OBJC_IMPLEMENTATIONS = YES;
				CLANG_WARN_DIRECT_OBJC_ISA_USAGE = YES_ERROR;
				CLANG_WARN_DOCUMENTATION_COMMENTS = YES;
				CLANG_WARN_EMPTY_BODY = YES;
				CLANG_WARN_ENUM_CONVERSION = YES;
				CLANG_WARN_INFINITE_RECURSION = YES;
				CLANG_WARN_INT_CONVERSION = YES;
				CLANG_WARN_NON_LITERAL_NULL_CONVERSION = YES;
				CLANG_WARN_OBJC_IMPLICIT_RETAIN_SELF = YES;
				CLANG_WARN_OBJC_LITERAL_CONVERSION = YES;
				CLANG_WARN_OBJC_ROOT_CLASS = YES_ERROR;
				CLANG_WARN_QUOTED_INCLUDE_IN_FRAMEWORK_HEADER = YES;
				CLANG_WARN_RANGE_LOOP_ANALYSIS = YES;
				CLANG_WARN_STRICT_PROTOTYPES = YES;
				CLANG_WARN_SUSPICIOUS_MOVE = YES;
				CLANG_WARN_UNGUARDED_AVAILABILITY = YES_AGGRESSIVE;
				CLANG_WARN_UNREACHABLE_CODE = YES;
				CLANG_WARN__DUPLICATE_METHOD_MATCH = YES;
				CODE_SIGN_STYLE = Automatic;
				COPY_PHASE_STRIP = NO;
				CURRENT_PROJECT_VERSION = 1;
				DEBUG_INFORMATION_FORMAT = "dwarf-with-dsym";
				DEVELOPMENT_TEAM = VB6FS3N78T;
				ENABLE_NS_ASSERTIONS = NO;
				ENABLE_STRICT_OBJC_MSGSEND = YES;
				GCC_C_LANGUAGE_STANDARD = gnu11;
				GCC_NO_COMMON_BLOCKS = YES;
				GCC_WARN_64_TO_32_BIT_CONVERSION = YES;
				GCC_WARN_ABOUT_RETURN_TYPE = YES_ERROR;
				GCC_WARN_UNDECLARED_SELECTOR = YES;
				GCC_WARN_UNINITIALIZED_AUTOS = YES_AGGRESSIVE;
				GCC_WARN_UNUSED_FUNCTION = YES;
				GCC_WARN_UNUSED_VARIABLE = YES;
				MARKETING_VERSION = 1.0;
				MTL_ENABLE_DEBUG_INFO = NO;
				MTL_FAST_MATH = YES;
				PRODUCT_NAME = "$(TARGET_NAME)";
				SDKROOT = iphoneos;
				SUPPORTED_PLATFORMS = "iphoneos iphonesimulator";
				SUPPORTS_MACCATALYST = NO;
				SWIFT_COMPILATION_MODE = wholemodule;
				SWIFT_OPTIMIZATION_LEVEL = "-O";
				SWIFT_VERSION = 6.0;
				TARGETED_DEVICE_FAMILY = "1,2";
			};
			name = Release;
		};
/* End XCBuildConfiguration section */

/* Begin XCConfigurationList section */
		614BC0B0311F83669B0E516B /* Build configuration list for PBXNativeTarget "Yahtzee" */ = {
			isa = XCConfigurationList;
			buildConfigurations = (
				CA58E6A52B732D3087858EFA /* Debug */,
				070FEDBCA7991B9907FCF1AD /* Release */,
			);
			defaultConfigurationIsVisible = 0;
			defaultConfigurationName = Debug;
		};
		A36DB14EC6E4E8363A3F7F0C /* Build configuration list for PBXProject "Yahtzee" */ = {
			isa = XCConfigurationList;
			buildConfigurations = (
				381C302B935A3EAA453B5501 /* Debug */,
				FC54AD9CFEBD420E4A0D59AB /* Release */,
			);
			defaultConfigurationIsVisible = 0;
			defaultConfigurationName = Debug;
		};
		B750D144C6CC32F248F0DB50 /* Build configuration list for PBXNativeTarget "Yahtzee Tests" */ = {
			isa = XCConfigurationList;
			buildConfigurations = (
				956CBBCB067D3DFE4A4BFF65 /* Debug */,
				2D45344DB31591D52CBC4628 /* Release */,
			);
			defaultConfigurationIsVisible = 0;
			defaultConfigurationName = Debug;
		};
/* End XCConfigurationList section */
	};
	rootObject = 343958D7F5192A8978773EA8 /* Project object */;
}
